<Solution>
  <Folder Name="/src/">
    <Project Path="src/SasPortal.Api/SasPortal.Api.csproj" />
    <Project Path="src/SasPortal.Application/SasPortal.Application.csproj" />
    <Project Path="src/SasPortal.Domain/SasPortal.Domain.csproj" />
    <Project Path="src/SasPortal.Infrastructure/SasPortal.Infrastructure.csproj" />
    <Project Path="src/SasPortal.Persistence/SasPortal.Persistence.csproj" />
  </Folder>
  <Folder Name="/tests/">
    <Project Path="tests/SasPortal.IntegrationTests/SasPortal.IntegrationTests.csproj" />
    <Project Path="tests/SasPortal.UnitTests/SasPortal.UnitTests.csproj" />
  </Folder>
</Solution>
